
Microsoft Visual Studio Solution File, Format Version 12.00
# Visual Studio Version 17
VisualStudioVersion = 17.9.34728.123
MinimumVisualStudioVersion = 10.0.40219.1
Project("{9A19103F-16F7-4668-BE54-9A1E7A4F7556}") = "Library Management System", "Library Management System.csproj", "{35742160-B2E1-4FB1-ADFA-2FD79D1F4C4C}"
EndProject
Project("{FAE04EC0-301F-11D3-BF4B-00C04F79EFBC}") = "LibraryManagmentSystem_Test", "..\LibraryManagmentSystem\LibraryManagmentSystem_Test.csproj", "{E229A09C-DD71-49E9-83E2-8D131A653D3F}"
EndProject
Global
	GlobalSection(SolutionConfigurationPlatforms) = preSolution
		Debug|Any CPU = Debug|Any CPU
		Release|Any CPU = Release|Any CPU
	EndGlobalSection
	GlobalSection(ProjectConfigurationPlatforms) = postSolution
		{35742160-B2E1-4FB1-ADFA-2FD79D1F4C4C}.Debug|Any CPU.ActiveCfg = Debug|Any CPU
		{35742160-B2E1-4FB1-ADFA-2FD79D1F4C4C}.Debug|Any CPU.Build.0 = Debug|Any CPU
		{35742160-B2E1-4FB1-ADFA-2FD79D1F4C4C}.Release|Any CPU.ActiveCfg = Release|Any CPU
		{35742160-B2E1-4FB1-ADFA-2FD79D1F4C4C}.Release|Any CPU.Build.0 = Release|Any CPU
		{E229A09C-DD71-49E9-83E2-8D131A653D3F}.Debug|Any CPU.ActiveCfg = Debug|Any CPU
		{E229A09C-DD71-49E9-83E2-8D131A653D3F}.Debug|Any CPU.Build.0 = Debug|Any CPU
		{E229A09C-DD71-49E9-83E2-8D131A653D3F}.Release|Any CPU.ActiveCfg = Release|Any CPU
		{E229A09C-DD71-49E9-83E2-8D131A653D3F}.Release|Any CPU.Build.0 = Release|Any CPU
	EndGlobalSection
	GlobalSection(SolutionProperties) = preSolution
		HideSolutionNode = FALSE
	EndGlobalSection
	GlobalSection(ExtensibilityGlobals) = postSolution
		SolutionGuid = {D93D1255-C9C7-4EE8-9260-446179BD0862}
	EndGlobalSection
EndGlobal
